
Microsoft Visual Studio Solution File, Format Version 12.00
# Visual Studio Version 17
VisualStudioVersion = 17.0.31903.59
MinimumVisualStudioVersion = 10.0.40219.1
Project("{2150E333-8FDC-42A3-9474-1A3956D46DE8}") = "src", "src", "{3CB7B0C9-AE57-4507-BF47-5442B8AB7A9B}"
EndProject
Project("{2150E333-8FDC-42A3-9474-1A3956D46DE8}") = "web-server", "web-server", "{5EC9DC06-454D-4D35-AB6E-17964E86A8F1}"
EndProject
Project("{FAE04EC0-301F-11D3-BF4B-00C04F79EFBC}") = "MonitoramentoJoystickWebApi", "src\web-server\MonitoramentoJoystickWebApi\MonitoramentoJoystickWebApi.csproj", "{1C8F4245-815C-42BE-95EF-EBF92DA406EF}"
EndProject
Global
	GlobalSection(SolutionConfigurationPlatforms) = preSolution
		Debug|Any CPU = Debug|Any CPU
		Release|Any CPU = Release|Any CPU
	EndGlobalSection
	GlobalSection(SolutionProperties) = preSolution
		HideSolutionNode = FALSE
	EndGlobalSection
	GlobalSection(ProjectConfigurationPlatforms) = postSolution
		{1C8F4245-815C-42BE-95EF-EBF92DA406EF}.Debug|Any CPU.ActiveCfg = Debug|Any CPU
		{1C8F4245-815C-42BE-95EF-EBF92DA406EF}.Debug|Any CPU.Build.0 = Debug|Any CPU
		{1C8F4245-815C-42BE-95EF-EBF92DA406EF}.Release|Any CPU.ActiveCfg = Release|Any CPU
		{1C8F4245-815C-42BE-95EF-EBF92DA406EF}.Release|Any CPU.Build.0 = Release|Any CPU
	EndGlobalSection
	GlobalSection(NestedProjects) = preSolution
		{5EC9DC06-454D-4D35-AB6E-17964E86A8F1} = {3CB7B0C9-AE57-4507-BF47-5442B8AB7A9B}
		{1C8F4245-815C-42BE-95EF-EBF92DA406EF} = {5EC9DC06-454D-4D35-AB6E-17964E86A8F1}
	EndGlobalSection
EndGlobal
